
Microsoft Visual Studio Solution File, Format Version 12.00
# Visual Studio Version 16
VisualStudioVersion = 16.0.29326.143
MinimumVisualStudioVersion = 10.0.40219.1
Project("{FAE04EC0-301F-11D3-BF4B-00C04F79EFBC}") = "WebApiDePrueba", "WebApiDePrueba\WebApiDePrueba.csproj", "{18DE1D3A-F4C3-419B-9AFC-82CCF0950402}"
EndProject
Global
	GlobalSection(SolutionConfigurationPlatforms) = preSolution
		Debug|Any CPU = Debug|Any CPU
		Release|Any CPU = Release|Any CPU
	EndGlobalSection
	GlobalSection(ProjectConfigurationPlatforms) = postSolution
		{18DE1D3A-F4C3-419B-9AFC-82CCF0950402}.Debug|Any CPU.ActiveCfg = Debug|Any CPU
		{18DE1D3A-F4C3-419B-9AFC-82CCF0950402}.Debug|Any CPU.Build.0 = Debug|Any CPU
		{18DE1D3A-F4C3-419B-9AFC-82CCF0950402}.Release|Any CPU.ActiveCfg = Release|Any CPU
		{18DE1D3A-F4C3-419B-9AFC-82CCF0950402}.Release|Any CPU.Build.0 = Release|Any CPU
	EndGlobalSection
	GlobalSection(SolutionProperties) = preSolution
		HideSolutionNode = FALSE
	EndGlobalSection
	GlobalSection(ExtensibilityGlobals) = postSolution
		SolutionGuid = {695E0D4A-B597-43EB-B504-DB315277797C}
	EndGlobalSection
EndGlobal
